
Microsoft Visual Studio Solution File, Format Version 12.00
# Visual Studio 2012
Project("{FAE04EC0-301F-11D3-BF4B-00C04F79EFBC}") = "Vector2Extensions.Windows", "Vector2Extensions.Windows.csproj", "{2C5ACADA-D15A-4193-BA0A-D36A362075F4}"
EndProject
Project("{FAE04EC0-301F-11D3-BF4B-00C04F79EFBC}") = "Lidgren.Network.Windows", "..\externals\MonoGame\ThirdParty\Lidgren.Network\Lidgren.Network.Windows.csproj", "{AE483C29-042E-4226-BA52-D247CE7676DA}"
EndProject
Project("{FAE04EC0-301F-11D3-BF4B-00C04F79EFBC}") = "MonoGame.Framework.WindowsGL", "..\externals\MonoGame\MonoGame.Framework\MonoGame.Framework.WindowsGL.csproj", "{7DE47032-A904-4C29-BD22-2D235E8D91BA}"
EndProject
Project("{FAE04EC0-301F-11D3-BF4B-00C04F79EFBC}") = "Vector2Extensions.Tests", "..\Tests\Vector2Extensions.Tests.csproj", "{A1B13DE6-C03C-4156-BE7E-7FABD8344424}"
EndProject
Project("{FAE04EC0-301F-11D3-BF4B-00C04F79EFBC}") = "RandomExtensions.Windows", "..\externals\RandomExtensions\Windows\RandomExtensions.Windows.csproj", "{F0BBA30F-66E1-4E2F-BDF6-E17FF317C34E}"
EndProject
Global
	GlobalSection(SolutionConfigurationPlatforms) = preSolution
		Debug|Any CPU = Debug|Any CPU
		Debug|x86 = Debug|x86
		Release|Any CPU = Release|Any CPU
		Release|x86 = Release|x86
	EndGlobalSection
	GlobalSection(ProjectConfigurationPlatforms) = postSolution
		{2C5ACADA-D15A-4193-BA0A-D36A362075F4}.Debug|Any CPU.ActiveCfg = Debug|Any CPU
		{2C5ACADA-D15A-4193-BA0A-D36A362075F4}.Debug|Any CPU.Build.0 = Debug|Any CPU
		{2C5ACADA-D15A-4193-BA0A-D36A362075F4}.Debug|x86.ActiveCfg = Debug|Any CPU
		{2C5ACADA-D15A-4193-BA0A-D36A362075F4}.Debug|x86.Build.0 = Debug|Any CPU
		{2C5ACADA-D15A-4193-BA0A-D36A362075F4}.Release|Any CPU.ActiveCfg = Release|Any CPU
		{2C5ACADA-D15A-4193-BA0A-D36A362075F4}.Release|Any CPU.Build.0 = Release|Any CPU
		{2C5ACADA-D15A-4193-BA0A-D36A362075F4}.Release|x86.ActiveCfg = Release|Any CPU
		{2C5ACADA-D15A-4193-BA0A-D36A362075F4}.Release|x86.Build.0 = Release|Any CPU
		{AE483C29-042E-4226-BA52-D247CE7676DA}.Debug|Any CPU.ActiveCfg = Debug|Any CPU
		{AE483C29-042E-4226-BA52-D247CE7676DA}.Debug|Any CPU.Build.0 = Debug|Any CPU
		{AE483C29-042E-4226-BA52-D247CE7676DA}.Debug|x86.ActiveCfg = Debug|Any CPU
		{AE483C29-042E-4226-BA52-D247CE7676DA}.Debug|x86.Build.0 = Debug|Any CPU
		{AE483C29-042E-4226-BA52-D247CE7676DA}.Release|Any CPU.ActiveCfg = Release|Any CPU
		{AE483C29-042E-4226-BA52-D247CE7676DA}.Release|Any CPU.Build.0 = Release|Any CPU
		{AE483C29-042E-4226-BA52-D247CE7676DA}.Release|x86.ActiveCfg = Release|Any CPU
		{AE483C29-042E-4226-BA52-D247CE7676DA}.Release|x86.Build.0 = Release|Any CPU
		{7DE47032-A904-4C29-BD22-2D235E8D91BA}.Debug|Any CPU.ActiveCfg = Debug|Any CPU
		{7DE47032-A904-4C29-BD22-2D235E8D91BA}.Debug|Any CPU.Build.0 = Debug|Any CPU
		{7DE47032-A904-4C29-BD22-2D235E8D91BA}.Debug|x86.ActiveCfg = Debug|x86
		{7DE47032-A904-4C29-BD22-2D235E8D91BA}.Debug|x86.Build.0 = Debug|x86
		{7DE47032-A904-4C29-BD22-2D235E8D91BA}.Release|Any CPU.ActiveCfg = Release|Any CPU
		{7DE47032-A904-4C29-BD22-2D235E8D91BA}.Release|Any CPU.Build.0 = Release|Any CPU
		{7DE47032-A904-4C29-BD22-2D235E8D91BA}.Release|x86.ActiveCfg = Release|x86
		{7DE47032-A904-4C29-BD22-2D235E8D91BA}.Release|x86.Build.0 = Release|x86
		{A1B13DE6-C03C-4156-BE7E-7FABD8344424}.Debug|Any CPU.ActiveCfg = Debug|Any CPU
		{A1B13DE6-C03C-4156-BE7E-7FABD8344424}.Debug|Any CPU.Build.0 = Debug|Any CPU
		{A1B13DE6-C03C-4156-BE7E-7FABD8344424}.Debug|x86.ActiveCfg = Debug|Any CPU
		{A1B13DE6-C03C-4156-BE7E-7FABD8344424}.Debug|x86.Build.0 = Debug|Any CPU
		{A1B13DE6-C03C-4156-BE7E-7FABD8344424}.Release|Any CPU.ActiveCfg = Release|Any CPU
		{A1B13DE6-C03C-4156-BE7E-7FABD8344424}.Release|Any CPU.Build.0 = Release|Any CPU
		{A1B13DE6-C03C-4156-BE7E-7FABD8344424}.Release|x86.ActiveCfg = Release|Any CPU
		{A1B13DE6-C03C-4156-BE7E-7FABD8344424}.Release|x86.Build.0 = Release|Any CPU
		{F0BBA30F-66E1-4E2F-BDF6-E17FF317C34E}.Debug|Any CPU.ActiveCfg = Debug|Any CPU
		{F0BBA30F-66E1-4E2F-BDF6-E17FF317C34E}.Debug|Any CPU.Build.0 = Debug|Any CPU
		{F0BBA30F-66E1-4E2F-BDF6-E17FF317C34E}.Debug|x86.ActiveCfg = Debug|x86
		{F0BBA30F-66E1-4E2F-BDF6-E17FF317C34E}.Debug|x86.Build.0 = Debug|x86
		{F0BBA30F-66E1-4E2F-BDF6-E17FF317C34E}.Release|Any CPU.ActiveCfg = Release|Any CPU
		{F0BBA30F-66E1-4E2F-BDF6-E17FF317C34E}.Release|Any CPU.Build.0 = Release|Any CPU
		{F0BBA30F-66E1-4E2F-BDF6-E17FF317C34E}.Release|x86.ActiveCfg = Release|x86
		{F0BBA30F-66E1-4E2F-BDF6-E17FF317C34E}.Release|x86.Build.0 = Release|x86
	EndGlobalSection
	GlobalSection(SolutionProperties) = preSolution
		HideSolutionNode = FALSE
	EndGlobalSection
	GlobalSection(MonoDevelopProperties) = preSolution
		StartupItem = Vector2Extensions.Windows.csproj
	EndGlobalSection
EndGlobal
