
Microsoft Visual Studio Solution File, Format Version 12.00
# Visual Studio Version 16
VisualStudioVersion = 16.0.30406.217
MinimumVisualStudioVersion = 10.0.40219.1
Project("{FAE04EC0-301F-11D3-BF4B-00C04F79EFBC}") = "Vector2Extensions.Tests", "Vector2Extensions.Tests\Vector2Extensions.Tests.csproj", "{8745CD17-73CA-4AEC-BCFA-4DC6E407D0DD}"
EndProject
Project("{FAE04EC0-301F-11D3-BF4B-00C04F79EFBC}") = "Vector2Extensions.Android", "Vector2Extensions.Android\Vector2Extensions.Android.csproj", "{00C4D6E4-0695-4FA0-A154-8912AE4FDC83}"
EndProject
Project("{FAE04EC0-301F-11D3-BF4B-00C04F79EFBC}") = "Vector2Extensions.iOS", "Vector2Extensions.iOS\Vector2Extensions.iOS.csproj", "{E524EC83-A0EC-4CC8-9732-A5D184C3146C}"
EndProject
Project("{2150E333-8FDC-42A3-9474-1A3956D46DE8}") = "Solution Items", "Solution Items", "{965313F3-B239-40B4-BF3E-95D8F3D52B9B}"
	ProjectSection(SolutionItems) = preProject
		buildNugetPackages.ps1 = buildNugetPackages.ps1
		Vector2Extensions.Bridge.nuspec = Vector2Extensions.Bridge.nuspec
		Vector2Extensions.nuspec = Vector2Extensions.nuspec
	EndProjectSection
EndProject
Project("{D954291E-2A0B-460D-934E-DC6B0785DB48}") = "Vector2Extensions.SharedProject", "Vector2Extensions.SharedProject\Vector2Extensions.SharedProject.shproj", "{966AA16E-891E-4728-B90F-7330C4B0526B}"
EndProject
Project("{FAE04EC0-301F-11D3-BF4B-00C04F79EFBC}") = "Vector2Extensions.WindowsDX", "Vector2Extensions.WindowsDX\Vector2Extensions.WindowsDX.csproj", "{DF4AFC27-AAE4-4D2A-A5DF-D94DB5E69BB9}"
EndProject
Project("{FAE04EC0-301F-11D3-BF4B-00C04F79EFBC}") = "Vector2Extensions.Bridge", "Vector2Extensions.Bridge\Vector2Extensions.Bridge.csproj", "{93A3AAF4-9057-4408-A4DB-4C480D1F6456}"
EndProject
Global
	GlobalSection(SharedMSBuildProjectFiles) = preSolution
		Vector2Extensions.SharedProject\Vector2Extensions.SharedProject.projitems*{00c4d6e4-0695-4fa0-a154-8912ae4fdc83}*SharedItemsImports = 4
		Vector2Extensions.SharedProject\Vector2Extensions.SharedProject.projitems*{8745cd17-73ca-4aec-bcfa-4dc6e407d0dd}*SharedItemsImports = 4
		Vector2Extensions.SharedProject\Vector2Extensions.SharedProject.projitems*{93a3aaf4-9057-4408-a4db-4c480d1f6456}*SharedItemsImports = 4
		Vector2Extensions.SharedProject\Vector2Extensions.SharedProject.projitems*{966aa16e-891e-4728-b90f-7330c4b0526b}*SharedItemsImports = 13
		Vector2Extensions.SharedProject\Vector2Extensions.SharedProject.projitems*{df4afc27-aae4-4d2a-a5df-d94db5e69bb9}*SharedItemsImports = 4
		Vector2Extensions.SharedProject\Vector2Extensions.SharedProject.projitems*{e524ec83-a0ec-4cc8-9732-a5d184c3146c}*SharedItemsImports = 4
	EndGlobalSection
	GlobalSection(SolutionConfigurationPlatforms) = preSolution
		AppStore|Any CPU = AppStore|Any CPU
		AppStore|ARM = AppStore|ARM
		AppStore|x64 = AppStore|x64
		AppStore|x86 = AppStore|x86
		Debug|Any CPU = Debug|Any CPU
		Debug|ARM = Debug|ARM
		Debug|x64 = Debug|x64
		Debug|x86 = Debug|x86
		Release|Any CPU = Release|Any CPU
		Release|ARM = Release|ARM
		Release|x64 = Release|x64
		Release|x86 = Release|x86
	EndGlobalSection
	GlobalSection(ProjectConfigurationPlatforms) = postSolution
		{8745CD17-73CA-4AEC-BCFA-4DC6E407D0DD}.AppStore|Any CPU.ActiveCfg = Release|Any CPU
		{8745CD17-73CA-4AEC-BCFA-4DC6E407D0DD}.AppStore|Any CPU.Build.0 = Release|Any CPU
		{8745CD17-73CA-4AEC-BCFA-4DC6E407D0DD}.AppStore|ARM.ActiveCfg = Debug|Any CPU
		{8745CD17-73CA-4AEC-BCFA-4DC6E407D0DD}.AppStore|ARM.Build.0 = Debug|Any CPU
		{8745CD17-73CA-4AEC-BCFA-4DC6E407D0DD}.AppStore|x64.ActiveCfg = Debug|Any CPU
		{8745CD17-73CA-4AEC-BCFA-4DC6E407D0DD}.AppStore|x64.Build.0 = Debug|Any CPU
		{8745CD17-73CA-4AEC-BCFA-4DC6E407D0DD}.AppStore|x86.ActiveCfg = Debug|Any CPU
		{8745CD17-73CA-4AEC-BCFA-4DC6E407D0DD}.AppStore|x86.Build.0 = Debug|Any CPU
		{8745CD17-73CA-4AEC-BCFA-4DC6E407D0DD}.Debug|Any CPU.ActiveCfg = Debug|Any CPU
		{8745CD17-73CA-4AEC-BCFA-4DC6E407D0DD}.Debug|Any CPU.Build.0 = Debug|Any CPU
		{8745CD17-73CA-4AEC-BCFA-4DC6E407D0DD}.Debug|ARM.ActiveCfg = Debug|Any CPU
		{8745CD17-73CA-4AEC-BCFA-4DC6E407D0DD}.Debug|ARM.Build.0 = Debug|Any CPU
		{8745CD17-73CA-4AEC-BCFA-4DC6E407D0DD}.Debug|x64.ActiveCfg = Debug|Any CPU
		{8745CD17-73CA-4AEC-BCFA-4DC6E407D0DD}.Debug|x64.Build.0 = Debug|Any CPU
		{8745CD17-73CA-4AEC-BCFA-4DC6E407D0DD}.Debug|x86.ActiveCfg = Debug|Any CPU
		{8745CD17-73CA-4AEC-BCFA-4DC6E407D0DD}.Debug|x86.Build.0 = Debug|Any CPU
		{8745CD17-73CA-4AEC-BCFA-4DC6E407D0DD}.Release|Any CPU.ActiveCfg = Release|Any CPU
		{8745CD17-73CA-4AEC-BCFA-4DC6E407D0DD}.Release|Any CPU.Build.0 = Release|Any CPU
		{8745CD17-73CA-4AEC-BCFA-4DC6E407D0DD}.Release|ARM.ActiveCfg = Release|Any CPU
		{8745CD17-73CA-4AEC-BCFA-4DC6E407D0DD}.Release|ARM.Build.0 = Release|Any CPU
		{8745CD17-73CA-4AEC-BCFA-4DC6E407D0DD}.Release|x64.ActiveCfg = Release|Any CPU
		{8745CD17-73CA-4AEC-BCFA-4DC6E407D0DD}.Release|x64.Build.0 = Release|Any CPU
		{8745CD17-73CA-4AEC-BCFA-4DC6E407D0DD}.Release|x86.ActiveCfg = Release|Any CPU
		{8745CD17-73CA-4AEC-BCFA-4DC6E407D0DD}.Release|x86.Build.0 = Release|Any CPU
		{00C4D6E4-0695-4FA0-A154-8912AE4FDC83}.AppStore|Any CPU.ActiveCfg = Release|Any CPU
		{00C4D6E4-0695-4FA0-A154-8912AE4FDC83}.AppStore|Any CPU.Build.0 = Release|Any CPU
		{00C4D6E4-0695-4FA0-A154-8912AE4FDC83}.AppStore|ARM.ActiveCfg = Debug|Any CPU
		{00C4D6E4-0695-4FA0-A154-8912AE4FDC83}.AppStore|ARM.Build.0 = Debug|Any CPU
		{00C4D6E4-0695-4FA0-A154-8912AE4FDC83}.AppStore|x64.ActiveCfg = Debug|Any CPU
		{00C4D6E4-0695-4FA0-A154-8912AE4FDC83}.AppStore|x64.Build.0 = Debug|Any CPU
		{00C4D6E4-0695-4FA0-A154-8912AE4FDC83}.AppStore|x86.ActiveCfg = Debug|Any CPU
		{00C4D6E4-0695-4FA0-A154-8912AE4FDC83}.AppStore|x86.Build.0 = Debug|Any CPU
		{00C4D6E4-0695-4FA0-A154-8912AE4FDC83}.Debug|Any CPU.ActiveCfg = Debug|Any CPU
		{00C4D6E4-0695-4FA0-A154-8912AE4FDC83}.Debug|Any CPU.Build.0 = Debug|Any CPU
		{00C4D6E4-0695-4FA0-A154-8912AE4FDC83}.Debug|ARM.ActiveCfg = Debug|Any CPU
		{00C4D6E4-0695-4FA0-A154-8912AE4FDC83}.Debug|ARM.Build.0 = Debug|Any CPU
		{00C4D6E4-0695-4FA0-A154-8912AE4FDC83}.Debug|x64.ActiveCfg = Debug|Any CPU
		{00C4D6E4-0695-4FA0-A154-8912AE4FDC83}.Debug|x64.Build.0 = Debug|Any CPU
		{00C4D6E4-0695-4FA0-A154-8912AE4FDC83}.Debug|x86.ActiveCfg = Debug|Any CPU
		{00C4D6E4-0695-4FA0-A154-8912AE4FDC83}.Debug|x86.Build.0 = Debug|Any CPU
		{00C4D6E4-0695-4FA0-A154-8912AE4FDC83}.Release|Any CPU.ActiveCfg = Release|Any CPU
		{00C4D6E4-0695-4FA0-A154-8912AE4FDC83}.Release|Any CPU.Build.0 = Release|Any CPU
		{00C4D6E4-0695-4FA0-A154-8912AE4FDC83}.Release|ARM.ActiveCfg = Release|Any CPU
		{00C4D6E4-0695-4FA0-A154-8912AE4FDC83}.Release|ARM.Build.0 = Release|Any CPU
		{00C4D6E4-0695-4FA0-A154-8912AE4FDC83}.Release|x64.ActiveCfg = Release|Any CPU
		{00C4D6E4-0695-4FA0-A154-8912AE4FDC83}.Release|x64.Build.0 = Release|Any CPU
		{00C4D6E4-0695-4FA0-A154-8912AE4FDC83}.Release|x86.ActiveCfg = Release|Any CPU
		{00C4D6E4-0695-4FA0-A154-8912AE4FDC83}.Release|x86.Build.0 = Release|Any CPU
		{E524EC83-A0EC-4CC8-9732-A5D184C3146C}.AppStore|Any CPU.ActiveCfg = Release|Any CPU
		{E524EC83-A0EC-4CC8-9732-A5D184C3146C}.AppStore|Any CPU.Build.0 = Release|Any CPU
		{E524EC83-A0EC-4CC8-9732-A5D184C3146C}.AppStore|ARM.ActiveCfg = Release|Any CPU
		{E524EC83-A0EC-4CC8-9732-A5D184C3146C}.AppStore|ARM.Build.0 = Release|Any CPU
		{E524EC83-A0EC-4CC8-9732-A5D184C3146C}.AppStore|x64.ActiveCfg = Release|Any CPU
		{E524EC83-A0EC-4CC8-9732-A5D184C3146C}.AppStore|x64.Build.0 = Release|Any CPU
		{E524EC83-A0EC-4CC8-9732-A5D184C3146C}.AppStore|x86.ActiveCfg = Release|Any CPU
		{E524EC83-A0EC-4CC8-9732-A5D184C3146C}.AppStore|x86.Build.0 = Release|Any CPU
		{E524EC83-A0EC-4CC8-9732-A5D184C3146C}.Debug|Any CPU.ActiveCfg = Debug|Any CPU
		{E524EC83-A0EC-4CC8-9732-A5D184C3146C}.Debug|Any CPU.Build.0 = Debug|Any CPU
		{E524EC83-A0EC-4CC8-9732-A5D184C3146C}.Debug|ARM.ActiveCfg = Debug|Any CPU
		{E524EC83-A0EC-4CC8-9732-A5D184C3146C}.Debug|ARM.Build.0 = Debug|Any CPU
		{E524EC83-A0EC-4CC8-9732-A5D184C3146C}.Debug|x64.ActiveCfg = Debug|Any CPU
		{E524EC83-A0EC-4CC8-9732-A5D184C3146C}.Debug|x64.Build.0 = Debug|Any CPU
		{E524EC83-A0EC-4CC8-9732-A5D184C3146C}.Debug|x86.ActiveCfg = Debug|Any CPU
		{E524EC83-A0EC-4CC8-9732-A5D184C3146C}.Debug|x86.Build.0 = Debug|Any CPU
		{E524EC83-A0EC-4CC8-9732-A5D184C3146C}.Release|Any CPU.ActiveCfg = Release|Any CPU
		{E524EC83-A0EC-4CC8-9732-A5D184C3146C}.Release|Any CPU.Build.0 = Release|Any CPU
		{E524EC83-A0EC-4CC8-9732-A5D184C3146C}.Release|ARM.ActiveCfg = Release|Any CPU
		{E524EC83-A0EC-4CC8-9732-A5D184C3146C}.Release|ARM.Build.0 = Release|Any CPU
		{E524EC83-A0EC-4CC8-9732-A5D184C3146C}.Release|x64.ActiveCfg = Release|Any CPU
		{E524EC83-A0EC-4CC8-9732-A5D184C3146C}.Release|x64.Build.0 = Release|Any CPU
		{E524EC83-A0EC-4CC8-9732-A5D184C3146C}.Release|x86.ActiveCfg = Release|Any CPU
		{E524EC83-A0EC-4CC8-9732-A5D184C3146C}.Release|x86.Build.0 = Release|Any CPU
		{DF4AFC27-AAE4-4D2A-A5DF-D94DB5E69BB9}.AppStore|Any CPU.ActiveCfg = Release|Any CPU
		{DF4AFC27-AAE4-4D2A-A5DF-D94DB5E69BB9}.AppStore|Any CPU.Build.0 = Release|Any CPU
		{DF4AFC27-AAE4-4D2A-A5DF-D94DB5E69BB9}.AppStore|ARM.ActiveCfg = Release|Any CPU
		{DF4AFC27-AAE4-4D2A-A5DF-D94DB5E69BB9}.AppStore|ARM.Build.0 = Release|Any CPU
		{DF4AFC27-AAE4-4D2A-A5DF-D94DB5E69BB9}.AppStore|x64.ActiveCfg = Release|Any CPU
		{DF4AFC27-AAE4-4D2A-A5DF-D94DB5E69BB9}.AppStore|x64.Build.0 = Release|Any CPU
		{DF4AFC27-AAE4-4D2A-A5DF-D94DB5E69BB9}.AppStore|x86.ActiveCfg = Release|Any CPU
		{DF4AFC27-AAE4-4D2A-A5DF-D94DB5E69BB9}.AppStore|x86.Build.0 = Release|Any CPU
		{DF4AFC27-AAE4-4D2A-A5DF-D94DB5E69BB9}.Debug|Any CPU.ActiveCfg = Debug|Any CPU
		{DF4AFC27-AAE4-4D2A-A5DF-D94DB5E69BB9}.Debug|Any CPU.Build.0 = Debug|Any CPU
		{DF4AFC27-AAE4-4D2A-A5DF-D94DB5E69BB9}.Debug|ARM.ActiveCfg = Debug|Any CPU
		{DF4AFC27-AAE4-4D2A-A5DF-D94DB5E69BB9}.Debug|ARM.Build.0 = Debug|Any CPU
		{DF4AFC27-AAE4-4D2A-A5DF-D94DB5E69BB9}.Debug|x64.ActiveCfg = Debug|Any CPU
		{DF4AFC27-AAE4-4D2A-A5DF-D94DB5E69BB9}.Debug|x64.Build.0 = Debug|Any CPU
		{DF4AFC27-AAE4-4D2A-A5DF-D94DB5E69BB9}.Debug|x86.ActiveCfg = Debug|Any CPU
		{DF4AFC27-AAE4-4D2A-A5DF-D94DB5E69BB9}.Debug|x86.Build.0 = Debug|Any CPU
		{DF4AFC27-AAE4-4D2A-A5DF-D94DB5E69BB9}.Release|Any CPU.ActiveCfg = Release|Any CPU
		{DF4AFC27-AAE4-4D2A-A5DF-D94DB5E69BB9}.Release|Any CPU.Build.0 = Release|Any CPU
		{DF4AFC27-AAE4-4D2A-A5DF-D94DB5E69BB9}.Release|ARM.ActiveCfg = Release|Any CPU
		{DF4AFC27-AAE4-4D2A-A5DF-D94DB5E69BB9}.Release|ARM.Build.0 = Release|Any CPU
		{DF4AFC27-AAE4-4D2A-A5DF-D94DB5E69BB9}.Release|x64.ActiveCfg = Release|Any CPU
		{DF4AFC27-AAE4-4D2A-A5DF-D94DB5E69BB9}.Release|x64.Build.0 = Release|Any CPU
		{DF4AFC27-AAE4-4D2A-A5DF-D94DB5E69BB9}.Release|x86.ActiveCfg = Release|Any CPU
		{DF4AFC27-AAE4-4D2A-A5DF-D94DB5E69BB9}.Release|x86.Build.0 = Release|Any CPU
		{93A3AAF4-9057-4408-A4DB-4C480D1F6456}.AppStore|Any CPU.ActiveCfg = Debug|Any CPU
		{93A3AAF4-9057-4408-A4DB-4C480D1F6456}.AppStore|Any CPU.Build.0 = Debug|Any CPU
		{93A3AAF4-9057-4408-A4DB-4C480D1F6456}.AppStore|ARM.ActiveCfg = Debug|Any CPU
		{93A3AAF4-9057-4408-A4DB-4C480D1F6456}.AppStore|ARM.Build.0 = Debug|Any CPU
		{93A3AAF4-9057-4408-A4DB-4C480D1F6456}.AppStore|x64.ActiveCfg = Debug|Any CPU
		{93A3AAF4-9057-4408-A4DB-4C480D1F6456}.AppStore|x64.Build.0 = Debug|Any CPU
		{93A3AAF4-9057-4408-A4DB-4C480D1F6456}.AppStore|x86.ActiveCfg = Debug|Any CPU
		{93A3AAF4-9057-4408-A4DB-4C480D1F6456}.AppStore|x86.Build.0 = Debug|Any CPU
		{93A3AAF4-9057-4408-A4DB-4C480D1F6456}.Debug|Any CPU.ActiveCfg = Debug|Any CPU
		{93A3AAF4-9057-4408-A4DB-4C480D1F6456}.Debug|Any CPU.Build.0 = Debug|Any CPU
		{93A3AAF4-9057-4408-A4DB-4C480D1F6456}.Debug|ARM.ActiveCfg = Debug|Any CPU
		{93A3AAF4-9057-4408-A4DB-4C480D1F6456}.Debug|ARM.Build.0 = Debug|Any CPU
		{93A3AAF4-9057-4408-A4DB-4C480D1F6456}.Debug|x64.ActiveCfg = Debug|Any CPU
		{93A3AAF4-9057-4408-A4DB-4C480D1F6456}.Debug|x64.Build.0 = Debug|Any CPU
		{93A3AAF4-9057-4408-A4DB-4C480D1F6456}.Debug|x86.ActiveCfg = Debug|Any CPU
		{93A3AAF4-9057-4408-A4DB-4C480D1F6456}.Debug|x86.Build.0 = Debug|Any CPU
		{93A3AAF4-9057-4408-A4DB-4C480D1F6456}.Release|Any CPU.ActiveCfg = Release|Any CPU
		{93A3AAF4-9057-4408-A4DB-4C480D1F6456}.Release|Any CPU.Build.0 = Release|Any CPU
		{93A3AAF4-9057-4408-A4DB-4C480D1F6456}.Release|ARM.ActiveCfg = Release|Any CPU
		{93A3AAF4-9057-4408-A4DB-4C480D1F6456}.Release|ARM.Build.0 = Release|Any CPU
		{93A3AAF4-9057-4408-A4DB-4C480D1F6456}.Release|x64.ActiveCfg = Release|Any CPU
		{93A3AAF4-9057-4408-A4DB-4C480D1F6456}.Release|x64.Build.0 = Release|Any CPU
		{93A3AAF4-9057-4408-A4DB-4C480D1F6456}.Release|x86.ActiveCfg = Release|Any CPU
		{93A3AAF4-9057-4408-A4DB-4C480D1F6456}.Release|x86.Build.0 = Release|Any CPU
	EndGlobalSection
	GlobalSection(SolutionProperties) = preSolution
		HideSolutionNode = FALSE
	EndGlobalSection
	GlobalSection(ExtensibilityGlobals) = postSolution
		SolutionGuid = {83777F66-764F-49C3-B6B2-7A21714C0882}
	EndGlobalSection
EndGlobal
